
Microsoft Visual Studio Solution File, Format Version 12.00
# Visual Studio Version 17
VisualStudioVersion = 17.0.31903.59
MinimumVisualStudioVersion = 10.0.40219.1
Project("{2150E333-8FDC-42A3-9474-1A3956D46DE8}") = "src", "src", "{827E0CD3-B72D-47B6-A68D-7590B98EB39B}"
EndProject
Project("{FAE04EC0-301F-11D3-BF4B-00C04F79EFBC}") = "MyTodos.SharedKernel", "src\MyTodos.SharedKernel\MyTodos.SharedKernel.csproj", "{4D348F31-1AEE-437D-8818-4B110B64524C}"
EndProject
Project("{2150E333-8FDC-42A3-9474-1A3956D46DE8}") = "tests", "tests", "{0AB3BF05-4346-4AA6-1389-037BE0695223}"
EndProject
Project("{FAE04EC0-301F-11D3-BF4B-00C04F79EFBC}") = "MyTodos.SharedKernel.UnitTests", "tests\MyTodos.SharedKernel.UnitTests\MyTodos.SharedKernel.UnitTests.csproj", "{EDC15041-8F9D-48AF-A31E-38EA078626AD}"
EndProject
Project("{FAE04EC0-301F-11D3-BF4B-00C04F79EFBC}") = "MyTodos.BuildingBlocks.Application", "src\BuildingBlocks\MyTodos.BuildingBlocks.Application\MyTodos.BuildingBlocks.Application.csproj", "{7D289D46-8D8E-4030-BDD6-A511F1BC3234}"
EndProject
Project("{FAE04EC0-301F-11D3-BF4B-00C04F79EFBC}") = "MyTodos.BuildingBlocks.Application.UnitTests", "tests\BuildingBlocks\MyTodos.BuildingBlocks.Application.UnitTests\MyTodos.BuildingBlocks.Application.UnitTests.csproj", "{5F3302E1-221C-4142-8657-67E947D58A43}"
EndProject
Project("{2150E333-8FDC-42A3-9474-1A3956D46DE8}") = "BuildingBlocks", "BuildingBlocks", "{74AFE122-A74C-46D0-A590-98FFA7F62418}"
EndProject
Project("{2150E333-8FDC-42A3-9474-1A3956D46DE8}") = "BuildingBlocks", "BuildingBlocks", "{48C2E365-4921-4A59-A32C-C678F36AD11A}"
EndProject
Project("{FAE04EC0-301F-11D3-BF4B-00C04F79EFBC}") = "MyTodos.BuildingBlocks.Presentation", "src\BuildingBlocks\MyTodos.BuildingBlocks.Presentation\MyTodos.BuildingBlocks.Presentation.csproj", "{492C4F46-60E3-49DF-AC5E-37C355E9B5AC}"
EndProject
Project("{FAE04EC0-301F-11D3-BF4B-00C04F79EFBC}") = "MyTodos.BuildingBlocks.Presentation.UnitTests", "tests\BuildingBlocks\MyTodos.BuildingBlocks.Presentation.UnitTests\MyTodos.BuildingBlocks.Presentation.UnitTests.csproj", "{88964220-CDF2-49A5-A2CC-BD0AFFA4374F}"
EndProject
Project("{FAE04EC0-301F-11D3-BF4B-00C04F79EFBC}") = "MyTodos.BuildingBlocks.Infrastructure", "src\BuildingBlocks\MyTodos.BuildingBlocks.Infrastructure\MyTodos.BuildingBlocks.Infrastructure.csproj", "{384CB32D-6738-46A5-9757-4287ABDA5D27}"
EndProject
Project("{FAE04EC0-301F-11D3-BF4B-00C04F79EFBC}") = "MyTodos.BuildingBlocks.Infrastructure.UnitTests", "tests\BuildingBlocks\MyTodos.BuildingBlocks.Infrastructure.UnitTests\MyTodos.BuildingBlocks.Infrastructure.UnitTests.csproj", "{DA498487-0ED1-42E1-B0C9-CD5B4EF149E1}"
EndProject
Project("{2150E333-8FDC-42A3-9474-1A3956D46DE8}") = "TodoService", "TodoService", "{C4B286A2-C024-069E-4222-9CFC40A8A0ED}"
EndProject
Project("{2150E333-8FDC-42A3-9474-1A3956D46DE8}") = "Core", "Core", "{86F62F92-6CE4-7FE9-A2C1-E36B884F0E24}"
EndProject
Project("{FAE04EC0-301F-11D3-BF4B-00C04F79EFBC}") = "MyTodos.Services.TodoService.Domain", "src\Services\TodoService\MyTodos.Services.TodoService.Domain\MyTodos.Services.TodoService.Domain.csproj", "{F175486F-5813-44AC-BE73-81E5DCB7E61E}"
EndProject
Project("{FAE04EC0-301F-11D3-BF4B-00C04F79EFBC}") = "MyTodos.Services.TodoService.Application", "src\Services\TodoService\MyTodos.Services.TodoService.Application\MyTodos.Services.TodoService.Application.csproj", "{9049589F-4856-4F08-ACD6-6A73D71E9C1E}"
EndProject
Project("{2150E333-8FDC-42A3-9474-1A3956D46DE8}") = "Infrastructure", "Infrastructure", "{A02BFD84-7325-90B9-A134-767600A5606C}"
EndProject
Project("{FAE04EC0-301F-11D3-BF4B-00C04F79EFBC}") = "MyTodos.Services.TodoService.Infrastructure", "src\Services\TodoService\MyTodos.Services.TodoService.Infrastructure\MyTodos.Services.TodoService.Infrastructure.csproj", "{E3B24A84-A0FD-4A61-B522-FC65167776A0}"
EndProject
Project("{2150E333-8FDC-42A3-9474-1A3956D46DE8}") = "Presentation", "Presentation", "{4C2C1489-FEB9-B229-8BD8-F451603E0F3F}"
EndProject
Project("{FAE04EC0-301F-11D3-BF4B-00C04F79EFBC}") = "MyTodos.Services.TodoService.Api", "src\Services\TodoService\MyTodos.Services.TodoService.Api\MyTodos.Services.TodoService.Api.csproj", "{B928C4B9-3D55-4787-AF1B-5E1475F5A276}"
EndProject
Project("{2150E333-8FDC-42A3-9474-1A3956D46DE8}") = "Contracts", "Contracts", "{8A9B1C2D-3E4F-5A6B-7C8D-9E0F1A2B3C4D}"
EndProject
Project("{FAE04EC0-301F-11D3-BF4B-00C04F79EFBC}") = "MyTodos.Services.TodoService.Domain.UnitTests", "tests\Services\TodoService\MyTodos.Services.TodoService.Domain.UnitTests\MyTodos.Services.TodoService.Domain.UnitTests.csproj", "{09E0909A-FA76-4191-B6E7-A9E991B288F6}"
EndProject
Project("{FAE04EC0-301F-11D3-BF4B-00C04F79EFBC}") = "MyTodos.Services.TodoService.Application.UnitTests", "tests\Services\TodoService\MyTodos.Services.TodoService.Application.UnitTests\MyTodos.Services.TodoService.Application.UnitTests.csproj", "{0DAC8297-E259-4C05-9FA2-2F64D3CB0FEA}"
EndProject
Project("{FAE04EC0-301F-11D3-BF4B-00C04F79EFBC}") = "MyTodos.Services.TodoService.Infrastructure.UnitTests", "tests\Services\TodoService\MyTodos.Services.TodoService.Infrastructure.UnitTests\MyTodos.Services.TodoService.Infrastructure.UnitTests.csproj", "{07A119BA-A4ED-4CB0-8B1A-7F96F57D6187}"
EndProject
Project("{2150E333-8FDC-42A3-9474-1A3956D46DE8}") = "IdentityService", "IdentityService", "{DD206F60-1FAF-ED75-6FA2-9D7982884EA4}"
EndProject
Project("{FAE04EC0-301F-11D3-BF4B-00C04F79EFBC}") = "MyTodos.Services.IdentityService.Domain", "src\Services\IdentityService\MyTodos.Services.IdentityService.Domain\MyTodos.Services.IdentityService.Domain.csproj", "{A9777DCE-7E64-41F7-8DD4-9E1261E2CF27}"
EndProject
Project("{FAE04EC0-301F-11D3-BF4B-00C04F79EFBC}") = "MyTodos.Services.IdentityService.Application", "src\Services\IdentityService\MyTodos.Services.IdentityService.Application\MyTodos.Services.IdentityService.Application.csproj", "{E0FF7549-298A-4F4C-A53A-855F2BA0D5C5}"
EndProject
Project("{FAE04EC0-301F-11D3-BF4B-00C04F79EFBC}") = "MyTodos.Services.IdentityService.Infrastructure", "src\Services\IdentityService\MyTodos.Services.IdentityService.Infrastructure\MyTodos.Services.IdentityService.Infrastructure.csproj", "{4E6479C7-8FFF-4458-AE96-DEDA4B156DCC}"
EndProject
Project("{FAE04EC0-301F-11D3-BF4B-00C04F79EFBC}") = "MyTodos.Services.IdentityService.Api", "src\Services\IdentityService\MyTodos.Services.IdentityService.Api\MyTodos.Services.IdentityService.Api.csproj", "{9E1DECC7-2B36-428D-8E22-A1768F2AFCED}"
EndProject
Project("{2150E333-8FDC-42A3-9474-1A3956D46DE8}") = "Core", "Core", "{679B8FA1-BB2E-429A-87A6-60E9BD75A342}"
EndProject
Project("{2150E333-8FDC-42A3-9474-1A3956D46DE8}") = "Presentation", "Presentation", "{D9531CDA-C25B-4CBD-BE74-3C82F0E4FFE8}"
EndProject
Project("{2150E333-8FDC-42A3-9474-1A3956D46DE8}") = "Infrastructure", "Infrastructure", "{5206C057-CAEB-4E76-90A1-B2EF3EF0D8F4}"
EndProject
Project("{2150E333-8FDC-42A3-9474-1A3956D46DE8}") = "Services", "Services", "{984BB9B3-3FA3-BE33-9484-CAC21695A33C}"
EndProject
Project("{FAE04EC0-301F-11D3-BF4B-00C04F79EFBC}") = "MyTodos.Services.IdentityService.Contracts", "src\Services\IdentityService\MyTodos.Services.IdentityService.Contracts\MyTodos.Services.IdentityService.Contracts.csproj", "{6136BC98-1054-4633-96CC-E233FA309EE4}"
EndProject
Project("{2150E333-8FDC-42A3-9474-1A3956D46DE8}") = "Contracts", "Contracts", "{86B2618D-D81C-412F-8099-1D12221EFABF}"
EndProject
Project("{2150E333-8FDC-42A3-9474-1A3956D46DE8}") = "Services", "Services", "{D9C4BD1A-0FEF-4D01-93F6-909EEF5E5D7A}"
EndProject
Project("{2150E333-8FDC-42A3-9474-1A3956D46DE8}") = "TodoService", "TodoService", "{D6D52E99-7C64-42BA-AB8B-235BFA3764B0}"
EndProject
Project("{2150E333-8FDC-42A3-9474-1A3956D46DE8}") = "IdentityService", "IdentityService", "{C3B87FBD-6667-4615-89CC-BAFAF91962B1}"
EndProject
Project("{2150E333-8FDC-42A3-9474-1A3956D46DE8}") = "SharedKernel", "SharedKernel", "{DE0CB450-283A-4C04-BD23-023C0D7E7CFA}"
EndProject
Project("{2150E333-8FDC-42A3-9474-1A3956D46DE8}") = "NotificationService", "NotificationService", "{47931FAB-DBE1-FD8F-0AFF-2CD4B99C52C4}"
EndProject
Project("{FAE04EC0-301F-11D3-BF4B-00C04F79EFBC}") = "MyTodos.Services.NotificationService.Domain", "src\Services\NotificationService\MyTodos.Services.NotificationService.Domain\MyTodos.Services.NotificationService.Domain.csproj", "{CF1F8626-8F79-4101-A71D-C721EA3BDA22}"
EndProject
Project("{FAE04EC0-301F-11D3-BF4B-00C04F79EFBC}") = "MyTodos.Services.NotificationService.Application", "src\Services\NotificationService\MyTodos.Services.NotificationService.Application\MyTodos.Services.NotificationService.Application.csproj", "{8C212BFB-D6CB-4EA6-863B-303BD61B5EA1}"
EndProject
Project("{FAE04EC0-301F-11D3-BF4B-00C04F79EFBC}") = "MyTodos.Services.NotificationService.Infrastructure", "src\Services\NotificationService\MyTodos.Services.NotificationService.Infrastructure\MyTodos.Services.NotificationService.Infrastructure.csproj", "{3ABF90DD-4828-406E-9217-1CD75DA2A3FA}"
EndProject
Project("{FAE04EC0-301F-11D3-BF4B-00C04F79EFBC}") = "MyTodos.Services.NotificationService.Api", "src\Services\NotificationService\MyTodos.Services.NotificationService.Api\MyTodos.Services.NotificationService.Api.csproj", "{6515EB37-DB3A-433A-A89A-8E76F0A8D466}"
EndProject
Project("{FAE04EC0-301F-11D3-BF4B-00C04F79EFBC}") = "MyTodos.Services.NotificationService.Contracts", "src\Services\NotificationService\MyTodos.Services.NotificationService.Contracts\MyTodos.Services.NotificationService.Contracts.csproj", "{5413B28F-51EE-4EE7-B2CE-A9506DF2D39C}"
EndProject
Project("{2150E333-8FDC-42A3-9474-1A3956D46DE8}") = "Core", "Core", "{2A3C5F91-B8D2-4A1E-9C7D-3E8F1A6B5D94}"
EndProject
Project("{2150E333-8FDC-42A3-9474-1A3956D46DE8}") = "Infrastructure", "Infrastructure", "{7B4E8C92-D3A1-4F2B-8E5A-2D9C3F7A6E81}"
EndProject
Project("{2150E333-8FDC-42A3-9474-1A3956D46DE8}") = "Presentation", "Presentation", "{9D5F7A83-E4B2-4C3F-9A6B-4E1D5B8C7F92}"
EndProject
Project("{2150E333-8FDC-42A3-9474-1A3956D46DE8}") = "Contracts", "Contracts", "{4C6E9B74-F5C3-4D4E-8B7A-5F2E6C9D8A73}"
EndProject
Project("{FAE04EC0-301F-11D3-BF4B-00C04F79EFBC}") = "MyTodos.Services.TodoService.Contracts", "src\Services\TodoService\MyTodos.Services.TodoService.Contracts\MyTodos.Services.TodoService.Contracts.csproj", "{90ECB137-A85F-4BEE-994C-E4E9DE74E51A}"
EndProject
Global
	GlobalSection(SolutionConfigurationPlatforms) = preSolution
		Debug|Any CPU = Debug|Any CPU
		Debug|x64 = Debug|x64
		Debug|x86 = Debug|x86
		Release|Any CPU = Release|Any CPU
		Release|x64 = Release|x64
		Release|x86 = Release|x86
	EndGlobalSection
	GlobalSection(ProjectConfigurationPlatforms) = postSolution
		{4D348F31-1AEE-437D-8818-4B110B64524C}.Debug|Any CPU.ActiveCfg = Debug|Any CPU
		{4D348F31-1AEE-437D-8818-4B110B64524C}.Debug|Any CPU.Build.0 = Debug|Any CPU
		{4D348F31-1AEE-437D-8818-4B110B64524C}.Debug|x64.ActiveCfg = Debug|Any CPU
		{4D348F31-1AEE-437D-8818-4B110B64524C}.Debug|x64.Build.0 = Debug|Any CPU
		{4D348F31-1AEE-437D-8818-4B110B64524C}.Debug|x86.ActiveCfg = Debug|Any CPU
		{4D348F31-1AEE-437D-8818-4B110B64524C}.Debug|x86.Build.0 = Debug|Any CPU
		{4D348F31-1AEE-437D-8818-4B110B64524C}.Release|Any CPU.ActiveCfg = Release|Any CPU
		{4D348F31-1AEE-437D-8818-4B110B64524C}.Release|Any CPU.Build.0 = Release|Any CPU
		{4D348F31-1AEE-437D-8818-4B110B64524C}.Release|x64.ActiveCfg = Release|Any CPU
		{4D348F31-1AEE-437D-8818-4B110B64524C}.Release|x64.Build.0 = Release|Any CPU
		{4D348F31-1AEE-437D-8818-4B110B64524C}.Release|x86.ActiveCfg = Release|Any CPU
		{4D348F31-1AEE-437D-8818-4B110B64524C}.Release|x86.Build.0 = Release|Any CPU
		{EDC15041-8F9D-48AF-A31E-38EA078626AD}.Debug|Any CPU.ActiveCfg = Debug|Any CPU
		{EDC15041-8F9D-48AF-A31E-38EA078626AD}.Debug|Any CPU.Build.0 = Debug|Any CPU
		{EDC15041-8F9D-48AF-A31E-38EA078626AD}.Debug|x64.ActiveCfg = Debug|Any CPU
		{EDC15041-8F9D-48AF-A31E-38EA078626AD}.Debug|x64.Build.0 = Debug|Any CPU
		{EDC15041-8F9D-48AF-A31E-38EA078626AD}.Debug|x86.ActiveCfg = Debug|Any CPU
		{EDC15041-8F9D-48AF-A31E-38EA078626AD}.Debug|x86.Build.0 = Debug|Any CPU
		{EDC15041-8F9D-48AF-A31E-38EA078626AD}.Release|Any CPU.ActiveCfg = Release|Any CPU
		{EDC15041-8F9D-48AF-A31E-38EA078626AD}.Release|Any CPU.Build.0 = Release|Any CPU
		{EDC15041-8F9D-48AF-A31E-38EA078626AD}.Release|x64.ActiveCfg = Release|Any CPU
		{EDC15041-8F9D-48AF-A31E-38EA078626AD}.Release|x64.Build.0 = Release|Any CPU
		{EDC15041-8F9D-48AF-A31E-38EA078626AD}.Release|x86.ActiveCfg = Release|Any CPU
		{EDC15041-8F9D-48AF-A31E-38EA078626AD}.Release|x86.Build.0 = Release|Any CPU
		{7D289D46-8D8E-4030-BDD6-A511F1BC3234}.Debug|Any CPU.ActiveCfg = Debug|Any CPU
		{7D289D46-8D8E-4030-BDD6-A511F1BC3234}.Debug|Any CPU.Build.0 = Debug|Any CPU
		{7D289D46-8D8E-4030-BDD6-A511F1BC3234}.Debug|x64.ActiveCfg = Debug|Any CPU
		{7D289D46-8D8E-4030-BDD6-A511F1BC3234}.Debug|x64.Build.0 = Debug|Any CPU
		{7D289D46-8D8E-4030-BDD6-A511F1BC3234}.Debug|x86.ActiveCfg = Debug|Any CPU
		{7D289D46-8D8E-4030-BDD6-A511F1BC3234}.Debug|x86.Build.0 = Debug|Any CPU
		{7D289D46-8D8E-4030-BDD6-A511F1BC3234}.Release|Any CPU.ActiveCfg = Release|Any CPU
		{7D289D46-8D8E-4030-BDD6-A511F1BC3234}.Release|Any CPU.Build.0 = Release|Any CPU
		{7D289D46-8D8E-4030-BDD6-A511F1BC3234}.Release|x64.ActiveCfg = Release|Any CPU
		{7D289D46-8D8E-4030-BDD6-A511F1BC3234}.Release|x64.Build.0 = Release|Any CPU
		{7D289D46-8D8E-4030-BDD6-A511F1BC3234}.Release|x86.ActiveCfg = Release|Any CPU
		{7D289D46-8D8E-4030-BDD6-A511F1BC3234}.Release|x86.Build.0 = Release|Any CPU
		{5F3302E1-221C-4142-8657-67E947D58A43}.Debug|Any CPU.ActiveCfg = Debug|Any CPU
		{5F3302E1-221C-4142-8657-67E947D58A43}.Debug|Any CPU.Build.0 = Debug|Any CPU
		{5F3302E1-221C-4142-8657-67E947D58A43}.Debug|x64.ActiveCfg = Debug|Any CPU
		{5F3302E1-221C-4142-8657-67E947D58A43}.Debug|x64.Build.0 = Debug|Any CPU
		{5F3302E1-221C-4142-8657-67E947D58A43}.Debug|x86.ActiveCfg = Debug|Any CPU
		{5F3302E1-221C-4142-8657-67E947D58A43}.Debug|x86.Build.0 = Debug|Any CPU
		{5F3302E1-221C-4142-8657-67E947D58A43}.Release|Any CPU.ActiveCfg = Release|Any CPU
		{5F3302E1-221C-4142-8657-67E947D58A43}.Release|Any CPU.Build.0 = Release|Any CPU
		{5F3302E1-221C-4142-8657-67E947D58A43}.Release|x64.ActiveCfg = Release|Any CPU
		{5F3302E1-221C-4142-8657-67E947D58A43}.Release|x64.Build.0 = Release|Any CPU
		{5F3302E1-221C-4142-8657-67E947D58A43}.Release|x86.ActiveCfg = Release|Any CPU
		{5F3302E1-221C-4142-8657-67E947D58A43}.Release|x86.Build.0 = Release|Any CPU
		{492C4F46-60E3-49DF-AC5E-37C355E9B5AC}.Debug|Any CPU.ActiveCfg = Debug|Any CPU
		{492C4F46-60E3-49DF-AC5E-37C355E9B5AC}.Debug|Any CPU.Build.0 = Debug|Any CPU
		{492C4F46-60E3-49DF-AC5E-37C355E9B5AC}.Debug|x64.ActiveCfg = Debug|Any CPU
		{492C4F46-60E3-49DF-AC5E-37C355E9B5AC}.Debug|x64.Build.0 = Debug|Any CPU
		{492C4F46-60E3-49DF-AC5E-37C355E9B5AC}.Debug|x86.ActiveCfg = Debug|Any CPU
		{492C4F46-60E3-49DF-AC5E-37C355E9B5AC}.Debug|x86.Build.0 = Debug|Any CPU
		{492C4F46-60E3-49DF-AC5E-37C355E9B5AC}.Release|Any CPU.ActiveCfg = Release|Any CPU
		{492C4F46-60E3-49DF-AC5E-37C355E9B5AC}.Release|Any CPU.Build.0 = Release|Any CPU
		{492C4F46-60E3-49DF-AC5E-37C355E9B5AC}.Release|x64.ActiveCfg = Release|Any CPU
		{492C4F46-60E3-49DF-AC5E-37C355E9B5AC}.Release|x64.Build.0 = Release|Any CPU
		{492C4F46-60E3-49DF-AC5E-37C355E9B5AC}.Release|x86.ActiveCfg = Release|Any CPU
		{492C4F46-60E3-49DF-AC5E-37C355E9B5AC}.Release|x86.Build.0 = Release|Any CPU
		{88964220-CDF2-49A5-A2CC-BD0AFFA4374F}.Debug|Any CPU.ActiveCfg = Debug|Any CPU
		{88964220-CDF2-49A5-A2CC-BD0AFFA4374F}.Debug|Any CPU.Build.0 = Debug|Any CPU
		{88964220-CDF2-49A5-A2CC-BD0AFFA4374F}.Debug|x64.ActiveCfg = Debug|Any CPU
		{88964220-CDF2-49A5-A2CC-BD0AFFA4374F}.Debug|x64.Build.0 = Debug|Any CPU
		{88964220-CDF2-49A5-A2CC-BD0AFFA4374F}.Debug|x86.ActiveCfg = Debug|Any CPU
		{88964220-CDF2-49A5-A2CC-BD0AFFA4374F}.Debug|x86.Build.0 = Debug|Any CPU
		{88964220-CDF2-49A5-A2CC-BD0AFFA4374F}.Release|Any CPU.ActiveCfg = Release|Any CPU
		{88964220-CDF2-49A5-A2CC-BD0AFFA4374F}.Release|Any CPU.Build.0 = Release|Any CPU
		{88964220-CDF2-49A5-A2CC-BD0AFFA4374F}.Release|x64.ActiveCfg = Release|Any CPU
		{88964220-CDF2-49A5-A2CC-BD0AFFA4374F}.Release|x64.Build.0 = Release|Any CPU
		{88964220-CDF2-49A5-A2CC-BD0AFFA4374F}.Release|x86.ActiveCfg = Release|Any CPU
		{88964220-CDF2-49A5-A2CC-BD0AFFA4374F}.Release|x86.Build.0 = Release|Any CPU
		{384CB32D-6738-46A5-9757-4287ABDA5D27}.Debug|Any CPU.ActiveCfg = Debug|Any CPU
		{384CB32D-6738-46A5-9757-4287ABDA5D27}.Debug|Any CPU.Build.0 = Debug|Any CPU
		{384CB32D-6738-46A5-9757-4287ABDA5D27}.Debug|x64.ActiveCfg = Debug|Any CPU
		{384CB32D-6738-46A5-9757-4287ABDA5D27}.Debug|x64.Build.0 = Debug|Any CPU
		{384CB32D-6738-46A5-9757-4287ABDA5D27}.Debug|x86.ActiveCfg = Debug|Any CPU
		{384CB32D-6738-46A5-9757-4287ABDA5D27}.Debug|x86.Build.0 = Debug|Any CPU
		{384CB32D-6738-46A5-9757-4287ABDA5D27}.Release|Any CPU.ActiveCfg = Release|Any CPU
		{384CB32D-6738-46A5-9757-4287ABDA5D27}.Release|Any CPU.Build.0 = Release|Any CPU
		{384CB32D-6738-46A5-9757-4287ABDA5D27}.Release|x64.ActiveCfg = Release|Any CPU
		{384CB32D-6738-46A5-9757-4287ABDA5D27}.Release|x64.Build.0 = Release|Any CPU
		{384CB32D-6738-46A5-9757-4287ABDA5D27}.Release|x86.ActiveCfg = Release|Any CPU
		{384CB32D-6738-46A5-9757-4287ABDA5D27}.Release|x86.Build.0 = Release|Any CPU
		{DA498487-0ED1-42E1-B0C9-CD5B4EF149E1}.Debug|Any CPU.ActiveCfg = Debug|Any CPU
		{DA498487-0ED1-42E1-B0C9-CD5B4EF149E1}.Debug|Any CPU.Build.0 = Debug|Any CPU
		{DA498487-0ED1-42E1-B0C9-CD5B4EF149E1}.Debug|x64.ActiveCfg = Debug|Any CPU
		{DA498487-0ED1-42E1-B0C9-CD5B4EF149E1}.Debug|x64.Build.0 = Debug|Any CPU
		{DA498487-0ED1-42E1-B0C9-CD5B4EF149E1}.Debug|x86.ActiveCfg = Debug|Any CPU
		{DA498487-0ED1-42E1-B0C9-CD5B4EF149E1}.Debug|x86.Build.0 = Debug|Any CPU
		{DA498487-0ED1-42E1-B0C9-CD5B4EF149E1}.Release|Any CPU.ActiveCfg = Release|Any CPU
		{DA498487-0ED1-42E1-B0C9-CD5B4EF149E1}.Release|Any CPU.Build.0 = Release|Any CPU
		{DA498487-0ED1-42E1-B0C9-CD5B4EF149E1}.Release|x64.ActiveCfg = Release|Any CPU
		{DA498487-0ED1-42E1-B0C9-CD5B4EF149E1}.Release|x64.Build.0 = Release|Any CPU
		{DA498487-0ED1-42E1-B0C9-CD5B4EF149E1}.Release|x86.ActiveCfg = Release|Any CPU
		{DA498487-0ED1-42E1-B0C9-CD5B4EF149E1}.Release|x86.Build.0 = Release|Any CPU
		{F175486F-5813-44AC-BE73-81E5DCB7E61E}.Debug|Any CPU.ActiveCfg = Debug|Any CPU
		{F175486F-5813-44AC-BE73-81E5DCB7E61E}.Debug|Any CPU.Build.0 = Debug|Any CPU
		{F175486F-5813-44AC-BE73-81E5DCB7E61E}.Debug|x64.ActiveCfg = Debug|Any CPU
		{F175486F-5813-44AC-BE73-81E5DCB7E61E}.Debug|x64.Build.0 = Debug|Any CPU
		{F175486F-5813-44AC-BE73-81E5DCB7E61E}.Debug|x86.ActiveCfg = Debug|Any CPU
		{F175486F-5813-44AC-BE73-81E5DCB7E61E}.Debug|x86.Build.0 = Debug|Any CPU
		{F175486F-5813-44AC-BE73-81E5DCB7E61E}.Release|Any CPU.ActiveCfg = Release|Any CPU
		{F175486F-5813-44AC-BE73-81E5DCB7E61E}.Release|Any CPU.Build.0 = Release|Any CPU
		{F175486F-5813-44AC-BE73-81E5DCB7E61E}.Release|x64.ActiveCfg = Release|Any CPU
		{F175486F-5813-44AC-BE73-81E5DCB7E61E}.Release|x64.Build.0 = Release|Any CPU
		{F175486F-5813-44AC-BE73-81E5DCB7E61E}.Release|x86.ActiveCfg = Release|Any CPU
		{F175486F-5813-44AC-BE73-81E5DCB7E61E}.Release|x86.Build.0 = Release|Any CPU
		{9049589F-4856-4F08-ACD6-6A73D71E9C1E}.Debug|Any CPU.ActiveCfg = Debug|Any CPU
		{9049589F-4856-4F08-ACD6-6A73D71E9C1E}.Debug|Any CPU.Build.0 = Debug|Any CPU
		{9049589F-4856-4F08-ACD6-6A73D71E9C1E}.Debug|x64.ActiveCfg = Debug|Any CPU
		{9049589F-4856-4F08-ACD6-6A73D71E9C1E}.Debug|x64.Build.0 = Debug|Any CPU
		{9049589F-4856-4F08-ACD6-6A73D71E9C1E}.Debug|x86.ActiveCfg = Debug|Any CPU
		{9049589F-4856-4F08-ACD6-6A73D71E9C1E}.Debug|x86.Build.0 = Debug|Any CPU
		{9049589F-4856-4F08-ACD6-6A73D71E9C1E}.Release|Any CPU.ActiveCfg = Release|Any CPU
		{9049589F-4856-4F08-ACD6-6A73D71E9C1E}.Release|Any CPU.Build.0 = Release|Any CPU
		{9049589F-4856-4F08-ACD6-6A73D71E9C1E}.Release|x64.ActiveCfg = Release|Any CPU
		{9049589F-4856-4F08-ACD6-6A73D71E9C1E}.Release|x64.Build.0 = Release|Any CPU
		{9049589F-4856-4F08-ACD6-6A73D71E9C1E}.Release|x86.ActiveCfg = Release|Any CPU
		{9049589F-4856-4F08-ACD6-6A73D71E9C1E}.Release|x86.Build.0 = Release|Any CPU
		{E3B24A84-A0FD-4A61-B522-FC65167776A0}.Debug|Any CPU.ActiveCfg = Debug|Any CPU
		{E3B24A84-A0FD-4A61-B522-FC65167776A0}.Debug|Any CPU.Build.0 = Debug|Any CPU
		{E3B24A84-A0FD-4A61-B522-FC65167776A0}.Debug|x64.ActiveCfg = Debug|Any CPU
		{E3B24A84-A0FD-4A61-B522-FC65167776A0}.Debug|x64.Build.0 = Debug|Any CPU
		{E3B24A84-A0FD-4A61-B522-FC65167776A0}.Debug|x86.ActiveCfg = Debug|Any CPU
		{E3B24A84-A0FD-4A61-B522-FC65167776A0}.Debug|x86.Build.0 = Debug|Any CPU
		{E3B24A84-A0FD-4A61-B522-FC65167776A0}.Release|Any CPU.ActiveCfg = Release|Any CPU
		{E3B24A84-A0FD-4A61-B522-FC65167776A0}.Release|Any CPU.Build.0 = Release|Any CPU
		{E3B24A84-A0FD-4A61-B522-FC65167776A0}.Release|x64.ActiveCfg = Release|Any CPU
		{E3B24A84-A0FD-4A61-B522-FC65167776A0}.Release|x64.Build.0 = Release|Any CPU
		{E3B24A84-A0FD-4A61-B522-FC65167776A0}.Release|x86.ActiveCfg = Release|Any CPU
		{E3B24A84-A0FD-4A61-B522-FC65167776A0}.Release|x86.Build.0 = Release|Any CPU
		{B928C4B9-3D55-4787-AF1B-5E1475F5A276}.Debug|Any CPU.ActiveCfg = Debug|Any CPU
		{B928C4B9-3D55-4787-AF1B-5E1475F5A276}.Debug|Any CPU.Build.0 = Debug|Any CPU
		{B928C4B9-3D55-4787-AF1B-5E1475F5A276}.Debug|x64.ActiveCfg = Debug|Any CPU
		{B928C4B9-3D55-4787-AF1B-5E1475F5A276}.Debug|x64.Build.0 = Debug|Any CPU
		{B928C4B9-3D55-4787-AF1B-5E1475F5A276}.Debug|x86.ActiveCfg = Debug|Any CPU
		{B928C4B9-3D55-4787-AF1B-5E1475F5A276}.Debug|x86.Build.0 = Debug|Any CPU
		{B928C4B9-3D55-4787-AF1B-5E1475F5A276}.Release|Any CPU.ActiveCfg = Release|Any CPU
		{B928C4B9-3D55-4787-AF1B-5E1475F5A276}.Release|Any CPU.Build.0 = Release|Any CPU
		{B928C4B9-3D55-4787-AF1B-5E1475F5A276}.Release|x64.ActiveCfg = Release|Any CPU
		{B928C4B9-3D55-4787-AF1B-5E1475F5A276}.Release|x64.Build.0 = Release|Any CPU
		{B928C4B9-3D55-4787-AF1B-5E1475F5A276}.Release|x86.ActiveCfg = Release|Any CPU
		{B928C4B9-3D55-4787-AF1B-5E1475F5A276}.Release|x86.Build.0 = Release|Any CPU
		{09E0909A-FA76-4191-B6E7-A9E991B288F6}.Debug|Any CPU.ActiveCfg = Debug|Any CPU
		{09E0909A-FA76-4191-B6E7-A9E991B288F6}.Debug|Any CPU.Build.0 = Debug|Any CPU
		{09E0909A-FA76-4191-B6E7-A9E991B288F6}.Debug|x64.ActiveCfg = Debug|Any CPU
		{09E0909A-FA76-4191-B6E7-A9E991B288F6}.Debug|x64.Build.0 = Debug|Any CPU
		{09E0909A-FA76-4191-B6E7-A9E991B288F6}.Debug|x86.ActiveCfg = Debug|Any CPU
		{09E0909A-FA76-4191-B6E7-A9E991B288F6}.Debug|x86.Build.0 = Debug|Any CPU
		{09E0909A-FA76-4191-B6E7-A9E991B288F6}.Release|Any CPU.ActiveCfg = Release|Any CPU
		{09E0909A-FA76-4191-B6E7-A9E991B288F6}.Release|Any CPU.Build.0 = Release|Any CPU
		{09E0909A-FA76-4191-B6E7-A9E991B288F6}.Release|x64.ActiveCfg = Release|Any CPU
		{09E0909A-FA76-4191-B6E7-A9E991B288F6}.Release|x64.Build.0 = Release|Any CPU
		{09E0909A-FA76-4191-B6E7-A9E991B288F6}.Release|x86.ActiveCfg = Release|Any CPU
		{09E0909A-FA76-4191-B6E7-A9E991B288F6}.Release|x86.Build.0 = Release|Any CPU
		{0DAC8297-E259-4C05-9FA2-2F64D3CB0FEA}.Debug|Any CPU.ActiveCfg = Debug|Any CPU
		{0DAC8297-E259-4C05-9FA2-2F64D3CB0FEA}.Debug|Any CPU.Build.0 = Debug|Any CPU
		{0DAC8297-E259-4C05-9FA2-2F64D3CB0FEA}.Debug|x64.ActiveCfg = Debug|Any CPU
		{0DAC8297-E259-4C05-9FA2-2F64D3CB0FEA}.Debug|x64.Build.0 = Debug|Any CPU
		{0DAC8297-E259-4C05-9FA2-2F64D3CB0FEA}.Debug|x86.ActiveCfg = Debug|Any CPU
		{0DAC8297-E259-4C05-9FA2-2F64D3CB0FEA}.Debug|x86.Build.0 = Debug|Any CPU
		{0DAC8297-E259-4C05-9FA2-2F64D3CB0FEA}.Release|Any CPU.ActiveCfg = Release|Any CPU
		{0DAC8297-E259-4C05-9FA2-2F64D3CB0FEA}.Release|Any CPU.Build.0 = Release|Any CPU
		{0DAC8297-E259-4C05-9FA2-2F64D3CB0FEA}.Release|x64.ActiveCfg = Release|Any CPU
		{0DAC8297-E259-4C05-9FA2-2F64D3CB0FEA}.Release|x64.Build.0 = Release|Any CPU
		{0DAC8297-E259-4C05-9FA2-2F64D3CB0FEA}.Release|x86.ActiveCfg = Release|Any CPU
		{0DAC8297-E259-4C05-9FA2-2F64D3CB0FEA}.Release|x86.Build.0 = Release|Any CPU
		{07A119BA-A4ED-4CB0-8B1A-7F96F57D6187}.Debug|Any CPU.ActiveCfg = Debug|Any CPU
		{07A119BA-A4ED-4CB0-8B1A-7F96F57D6187}.Debug|Any CPU.Build.0 = Debug|Any CPU
		{07A119BA-A4ED-4CB0-8B1A-7F96F57D6187}.Debug|x64.ActiveCfg = Debug|Any CPU
		{07A119BA-A4ED-4CB0-8B1A-7F96F57D6187}.Debug|x64.Build.0 = Debug|Any CPU
		{07A119BA-A4ED-4CB0-8B1A-7F96F57D6187}.Debug|x86.ActiveCfg = Debug|Any CPU
		{07A119BA-A4ED-4CB0-8B1A-7F96F57D6187}.Debug|x86.Build.0 = Debug|Any CPU
		{07A119BA-A4ED-4CB0-8B1A-7F96F57D6187}.Release|Any CPU.ActiveCfg = Release|Any CPU
		{07A119BA-A4ED-4CB0-8B1A-7F96F57D6187}.Release|Any CPU.Build.0 = Release|Any CPU
		{07A119BA-A4ED-4CB0-8B1A-7F96F57D6187}.Release|x64.ActiveCfg = Release|Any CPU
		{07A119BA-A4ED-4CB0-8B1A-7F96F57D6187}.Release|x64.Build.0 = Release|Any CPU
		{07A119BA-A4ED-4CB0-8B1A-7F96F57D6187}.Release|x86.ActiveCfg = Release|Any CPU
		{07A119BA-A4ED-4CB0-8B1A-7F96F57D6187}.Release|x86.Build.0 = Release|Any CPU
		{A9777DCE-7E64-41F7-8DD4-9E1261E2CF27}.Debug|Any CPU.ActiveCfg = Debug|Any CPU
		{A9777DCE-7E64-41F7-8DD4-9E1261E2CF27}.Debug|Any CPU.Build.0 = Debug|Any CPU
		{A9777DCE-7E64-41F7-8DD4-9E1261E2CF27}.Debug|x64.ActiveCfg = Debug|Any CPU
		{A9777DCE-7E64-41F7-8DD4-9E1261E2CF27}.Debug|x64.Build.0 = Debug|Any CPU
		{A9777DCE-7E64-41F7-8DD4-9E1261E2CF27}.Debug|x86.ActiveCfg = Debug|Any CPU
		{A9777DCE-7E64-41F7-8DD4-9E1261E2CF27}.Debug|x86.Build.0 = Debug|Any CPU
		{A9777DCE-7E64-41F7-8DD4-9E1261E2CF27}.Release|Any CPU.ActiveCfg = Release|Any CPU
		{A9777DCE-7E64-41F7-8DD4-9E1261E2CF27}.Release|Any CPU.Build.0 = Release|Any CPU
		{A9777DCE-7E64-41F7-8DD4-9E1261E2CF27}.Release|x64.ActiveCfg = Release|Any CPU
		{A9777DCE-7E64-41F7-8DD4-9E1261E2CF27}.Release|x64.Build.0 = Release|Any CPU
		{A9777DCE-7E64-41F7-8DD4-9E1261E2CF27}.Release|x86.ActiveCfg = Release|Any CPU
		{A9777DCE-7E64-41F7-8DD4-9E1261E2CF27}.Release|x86.Build.0 = Release|Any CPU
		{E0FF7549-298A-4F4C-A53A-855F2BA0D5C5}.Debug|Any CPU.ActiveCfg = Debug|Any CPU
		{E0FF7549-298A-4F4C-A53A-855F2BA0D5C5}.Debug|Any CPU.Build.0 = Debug|Any CPU
		{E0FF7549-298A-4F4C-A53A-855F2BA0D5C5}.Debug|x64.ActiveCfg = Debug|Any CPU
		{E0FF7549-298A-4F4C-A53A-855F2BA0D5C5}.Debug|x64.Build.0 = Debug|Any CPU
		{E0FF7549-298A-4F4C-A53A-855F2BA0D5C5}.Debug|x86.ActiveCfg = Debug|Any CPU
		{E0FF7549-298A-4F4C-A53A-855F2BA0D5C5}.Debug|x86.Build.0 = Debug|Any CPU
		{E0FF7549-298A-4F4C-A53A-855F2BA0D5C5}.Release|Any CPU.ActiveCfg = Release|Any CPU
		{E0FF7549-298A-4F4C-A53A-855F2BA0D5C5}.Release|Any CPU.Build.0 = Release|Any CPU
		{E0FF7549-298A-4F4C-A53A-855F2BA0D5C5}.Release|x64.ActiveCfg = Release|Any CPU
		{E0FF7549-298A-4F4C-A53A-855F2BA0D5C5}.Release|x64.Build.0 = Release|Any CPU
		{E0FF7549-298A-4F4C-A53A-855F2BA0D5C5}.Release|x86.ActiveCfg = Release|Any CPU
		{E0FF7549-298A-4F4C-A53A-855F2BA0D5C5}.Release|x86.Build.0 = Release|Any CPU
		{4E6479C7-8FFF-4458-AE96-DEDA4B156DCC}.Debug|Any CPU.ActiveCfg = Debug|Any CPU
		{4E6479C7-8FFF-4458-AE96-DEDA4B156DCC}.Debug|Any CPU.Build.0 = Debug|Any CPU
		{4E6479C7-8FFF-4458-AE96-DEDA4B156DCC}.Debug|x64.ActiveCfg = Debug|Any CPU
		{4E6479C7-8FFF-4458-AE96-DEDA4B156DCC}.Debug|x64.Build.0 = Debug|Any CPU
		{4E6479C7-8FFF-4458-AE96-DEDA4B156DCC}.Debug|x86.ActiveCfg = Debug|Any CPU
		{4E6479C7-8FFF-4458-AE96-DEDA4B156DCC}.Debug|x86.Build.0 = Debug|Any CPU
		{4E6479C7-8FFF-4458-AE96-DEDA4B156DCC}.Release|Any CPU.ActiveCfg = Release|Any CPU
		{4E6479C7-8FFF-4458-AE96-DEDA4B156DCC}.Release|Any CPU.Build.0 = Release|Any CPU
		{4E6479C7-8FFF-4458-AE96-DEDA4B156DCC}.Release|x64.ActiveCfg = Release|Any CPU
		{4E6479C7-8FFF-4458-AE96-DEDA4B156DCC}.Release|x64.Build.0 = Release|Any CPU
		{4E6479C7-8FFF-4458-AE96-DEDA4B156DCC}.Release|x86.ActiveCfg = Release|Any CPU
		{4E6479C7-8FFF-4458-AE96-DEDA4B156DCC}.Release|x86.Build.0 = Release|Any CPU
		{9E1DECC7-2B36-428D-8E22-A1768F2AFCED}.Debug|Any CPU.ActiveCfg = Debug|Any CPU
		{9E1DECC7-2B36-428D-8E22-A1768F2AFCED}.Debug|Any CPU.Build.0 = Debug|Any CPU
		{9E1DECC7-2B36-428D-8E22-A1768F2AFCED}.Debug|x64.ActiveCfg = Debug|Any CPU
		{9E1DECC7-2B36-428D-8E22-A1768F2AFCED}.Debug|x64.Build.0 = Debug|Any CPU
		{9E1DECC7-2B36-428D-8E22-A1768F2AFCED}.Debug|x86.ActiveCfg = Debug|Any CPU
		{9E1DECC7-2B36-428D-8E22-A1768F2AFCED}.Debug|x86.Build.0 = Debug|Any CPU
		{9E1DECC7-2B36-428D-8E22-A1768F2AFCED}.Release|Any CPU.ActiveCfg = Release|Any CPU
		{9E1DECC7-2B36-428D-8E22-A1768F2AFCED}.Release|Any CPU.Build.0 = Release|Any CPU
		{9E1DECC7-2B36-428D-8E22-A1768F2AFCED}.Release|x64.ActiveCfg = Release|Any CPU
		{9E1DECC7-2B36-428D-8E22-A1768F2AFCED}.Release|x64.Build.0 = Release|Any CPU
		{9E1DECC7-2B36-428D-8E22-A1768F2AFCED}.Release|x86.ActiveCfg = Release|Any CPU
		{9E1DECC7-2B36-428D-8E22-A1768F2AFCED}.Release|x86.Build.0 = Release|Any CPU
		{6136BC98-1054-4633-96CC-E233FA309EE4}.Debug|Any CPU.ActiveCfg = Debug|Any CPU
		{6136BC98-1054-4633-96CC-E233FA309EE4}.Debug|Any CPU.Build.0 = Debug|Any CPU
		{6136BC98-1054-4633-96CC-E233FA309EE4}.Debug|x64.ActiveCfg = Debug|Any CPU
		{6136BC98-1054-4633-96CC-E233FA309EE4}.Debug|x64.Build.0 = Debug|Any CPU
		{6136BC98-1054-4633-96CC-E233FA309EE4}.Debug|x86.ActiveCfg = Debug|Any CPU
		{6136BC98-1054-4633-96CC-E233FA309EE4}.Debug|x86.Build.0 = Debug|Any CPU
		{6136BC98-1054-4633-96CC-E233FA309EE4}.Release|Any CPU.ActiveCfg = Release|Any CPU
		{6136BC98-1054-4633-96CC-E233FA309EE4}.Release|Any CPU.Build.0 = Release|Any CPU
		{6136BC98-1054-4633-96CC-E233FA309EE4}.Release|x64.ActiveCfg = Release|Any CPU
		{6136BC98-1054-4633-96CC-E233FA309EE4}.Release|x64.Build.0 = Release|Any CPU
		{6136BC98-1054-4633-96CC-E233FA309EE4}.Release|x86.ActiveCfg = Release|Any CPU
		{6136BC98-1054-4633-96CC-E233FA309EE4}.Release|x86.Build.0 = Release|Any CPU
		{CF1F8626-8F79-4101-A71D-C721EA3BDA22}.Debug|Any CPU.ActiveCfg = Debug|Any CPU
		{CF1F8626-8F79-4101-A71D-C721EA3BDA22}.Debug|Any CPU.Build.0 = Debug|Any CPU
		{CF1F8626-8F79-4101-A71D-C721EA3BDA22}.Debug|x64.ActiveCfg = Debug|Any CPU
		{CF1F8626-8F79-4101-A71D-C721EA3BDA22}.Debug|x64.Build.0 = Debug|Any CPU
		{CF1F8626-8F79-4101-A71D-C721EA3BDA22}.Debug|x86.ActiveCfg = Debug|Any CPU
		{CF1F8626-8F79-4101-A71D-C721EA3BDA22}.Debug|x86.Build.0 = Debug|Any CPU
		{CF1F8626-8F79-4101-A71D-C721EA3BDA22}.Release|Any CPU.ActiveCfg = Release|Any CPU
		{CF1F8626-8F79-4101-A71D-C721EA3BDA22}.Release|Any CPU.Build.0 = Release|Any CPU
		{CF1F8626-8F79-4101-A71D-C721EA3BDA22}.Release|x64.ActiveCfg = Release|Any CPU
		{CF1F8626-8F79-4101-A71D-C721EA3BDA22}.Release|x64.Build.0 = Release|Any CPU
		{CF1F8626-8F79-4101-A71D-C721EA3BDA22}.Release|x86.ActiveCfg = Release|Any CPU
		{CF1F8626-8F79-4101-A71D-C721EA3BDA22}.Release|x86.Build.0 = Release|Any CPU
		{8C212BFB-D6CB-4EA6-863B-303BD61B5EA1}.Debug|Any CPU.ActiveCfg = Debug|Any CPU
		{8C212BFB-D6CB-4EA6-863B-303BD61B5EA1}.Debug|Any CPU.Build.0 = Debug|Any CPU
		{8C212BFB-D6CB-4EA6-863B-303BD61B5EA1}.Debug|x64.ActiveCfg = Debug|Any CPU
		{8C212BFB-D6CB-4EA6-863B-303BD61B5EA1}.Debug|x64.Build.0 = Debug|Any CPU
		{8C212BFB-D6CB-4EA6-863B-303BD61B5EA1}.Debug|x86.ActiveCfg = Debug|Any CPU
		{8C212BFB-D6CB-4EA6-863B-303BD61B5EA1}.Debug|x86.Build.0 = Debug|Any CPU
		{8C212BFB-D6CB-4EA6-863B-303BD61B5EA1}.Release|Any CPU.ActiveCfg = Release|Any CPU
		{8C212BFB-D6CB-4EA6-863B-303BD61B5EA1}.Release|Any CPU.Build.0 = Release|Any CPU
		{8C212BFB-D6CB-4EA6-863B-303BD61B5EA1}.Release|x64.ActiveCfg = Release|Any CPU
		{8C212BFB-D6CB-4EA6-863B-303BD61B5EA1}.Release|x64.Build.0 = Release|Any CPU
		{8C212BFB-D6CB-4EA6-863B-303BD61B5EA1}.Release|x86.ActiveCfg = Release|Any CPU
		{8C212BFB-D6CB-4EA6-863B-303BD61B5EA1}.Release|x86.Build.0 = Release|Any CPU
		{3ABF90DD-4828-406E-9217-1CD75DA2A3FA}.Debug|Any CPU.ActiveCfg = Debug|Any CPU
		{3ABF90DD-4828-406E-9217-1CD75DA2A3FA}.Debug|Any CPU.Build.0 = Debug|Any CPU
		{3ABF90DD-4828-406E-9217-1CD75DA2A3FA}.Debug|x64.ActiveCfg = Debug|Any CPU
		{3ABF90DD-4828-406E-9217-1CD75DA2A3FA}.Debug|x64.Build.0 = Debug|Any CPU
		{3ABF90DD-4828-406E-9217-1CD75DA2A3FA}.Debug|x86.ActiveCfg = Debug|Any CPU
		{3ABF90DD-4828-406E-9217-1CD75DA2A3FA}.Debug|x86.Build.0 = Debug|Any CPU
		{3ABF90DD-4828-406E-9217-1CD75DA2A3FA}.Release|Any CPU.ActiveCfg = Release|Any CPU
		{3ABF90DD-4828-406E-9217-1CD75DA2A3FA}.Release|Any CPU.Build.0 = Release|Any CPU
		{3ABF90DD-4828-406E-9217-1CD75DA2A3FA}.Release|x64.ActiveCfg = Release|Any CPU
		{3ABF90DD-4828-406E-9217-1CD75DA2A3FA}.Release|x64.Build.0 = Release|Any CPU
		{3ABF90DD-4828-406E-9217-1CD75DA2A3FA}.Release|x86.ActiveCfg = Release|Any CPU
		{3ABF90DD-4828-406E-9217-1CD75DA2A3FA}.Release|x86.Build.0 = Release|Any CPU
		{6515EB37-DB3A-433A-A89A-8E76F0A8D466}.Debug|Any CPU.ActiveCfg = Debug|Any CPU
		{6515EB37-DB3A-433A-A89A-8E76F0A8D466}.Debug|Any CPU.Build.0 = Debug|Any CPU
		{6515EB37-DB3A-433A-A89A-8E76F0A8D466}.Debug|x64.ActiveCfg = Debug|Any CPU
		{6515EB37-DB3A-433A-A89A-8E76F0A8D466}.Debug|x64.Build.0 = Debug|Any CPU
		{6515EB37-DB3A-433A-A89A-8E76F0A8D466}.Debug|x86.ActiveCfg = Debug|Any CPU
		{6515EB37-DB3A-433A-A89A-8E76F0A8D466}.Debug|x86.Build.0 = Debug|Any CPU
		{6515EB37-DB3A-433A-A89A-8E76F0A8D466}.Release|Any CPU.ActiveCfg = Release|Any CPU
		{6515EB37-DB3A-433A-A89A-8E76F0A8D466}.Release|Any CPU.Build.0 = Release|Any CPU
		{6515EB37-DB3A-433A-A89A-8E76F0A8D466}.Release|x64.ActiveCfg = Release|Any CPU
		{6515EB37-DB3A-433A-A89A-8E76F0A8D466}.Release|x64.Build.0 = Release|Any CPU
		{6515EB37-DB3A-433A-A89A-8E76F0A8D466}.Release|x86.ActiveCfg = Release|Any CPU
		{6515EB37-DB3A-433A-A89A-8E76F0A8D466}.Release|x86.Build.0 = Release|Any CPU
		{5413B28F-51EE-4EE7-B2CE-A9506DF2D39C}.Debug|Any CPU.ActiveCfg = Debug|Any CPU
		{5413B28F-51EE-4EE7-B2CE-A9506DF2D39C}.Debug|Any CPU.Build.0 = Debug|Any CPU
		{5413B28F-51EE-4EE7-B2CE-A9506DF2D39C}.Debug|x64.ActiveCfg = Debug|Any CPU
		{5413B28F-51EE-4EE7-B2CE-A9506DF2D39C}.Debug|x64.Build.0 = Debug|Any CPU
		{5413B28F-51EE-4EE7-B2CE-A9506DF2D39C}.Debug|x86.ActiveCfg = Debug|Any CPU
		{5413B28F-51EE-4EE7-B2CE-A9506DF2D39C}.Debug|x86.Build.0 = Debug|Any CPU
		{5413B28F-51EE-4EE7-B2CE-A9506DF2D39C}.Release|Any CPU.ActiveCfg = Release|Any CPU
		{5413B28F-51EE-4EE7-B2CE-A9506DF2D39C}.Release|Any CPU.Build.0 = Release|Any CPU
		{5413B28F-51EE-4EE7-B2CE-A9506DF2D39C}.Release|x64.ActiveCfg = Release|Any CPU
		{5413B28F-51EE-4EE7-B2CE-A9506DF2D39C}.Release|x64.Build.0 = Release|Any CPU
		{5413B28F-51EE-4EE7-B2CE-A9506DF2D39C}.Release|x86.ActiveCfg = Release|Any CPU
		{5413B28F-51EE-4EE7-B2CE-A9506DF2D39C}.Release|x86.Build.0 = Release|Any CPU
		{90ECB137-A85F-4BEE-994C-E4E9DE74E51A}.Debug|Any CPU.ActiveCfg = Debug|Any CPU
		{90ECB137-A85F-4BEE-994C-E4E9DE74E51A}.Debug|Any CPU.Build.0 = Debug|Any CPU
		{90ECB137-A85F-4BEE-994C-E4E9DE74E51A}.Debug|x64.ActiveCfg = Debug|Any CPU
		{90ECB137-A85F-4BEE-994C-E4E9DE74E51A}.Debug|x64.Build.0 = Debug|Any CPU
		{90ECB137-A85F-4BEE-994C-E4E9DE74E51A}.Debug|x86.ActiveCfg = Debug|Any CPU
		{90ECB137-A85F-4BEE-994C-E4E9DE74E51A}.Debug|x86.Build.0 = Debug|Any CPU
		{90ECB137-A85F-4BEE-994C-E4E9DE74E51A}.Release|Any CPU.ActiveCfg = Release|Any CPU
		{90ECB137-A85F-4BEE-994C-E4E9DE74E51A}.Release|Any CPU.Build.0 = Release|Any CPU
		{90ECB137-A85F-4BEE-994C-E4E9DE74E51A}.Release|x64.ActiveCfg = Release|Any CPU
		{90ECB137-A85F-4BEE-994C-E4E9DE74E51A}.Release|x64.Build.0 = Release|Any CPU
		{90ECB137-A85F-4BEE-994C-E4E9DE74E51A}.Release|x86.ActiveCfg = Release|Any CPU
		{90ECB137-A85F-4BEE-994C-E4E9DE74E51A}.Release|x86.Build.0 = Release|Any CPU
	EndGlobalSection
	GlobalSection(SolutionProperties) = preSolution
		HideSolutionNode = FALSE
	EndGlobalSection
	GlobalSection(NestedProjects) = preSolution
		{4D348F31-1AEE-437D-8818-4B110B64524C} = {DE0CB450-283A-4C04-BD23-023C0D7E7CFA}
		{EDC15041-8F9D-48AF-A31E-38EA078626AD} = {0AB3BF05-4346-4AA6-1389-037BE0695223}
		{7D289D46-8D8E-4030-BDD6-A511F1BC3234} = {74AFE122-A74C-46D0-A590-98FFA7F62418}
		{5F3302E1-221C-4142-8657-67E947D58A43} = {48C2E365-4921-4A59-A32C-C678F36AD11A}
		{74AFE122-A74C-46D0-A590-98FFA7F62418} = {827E0CD3-B72D-47B6-A68D-7590B98EB39B}
		{48C2E365-4921-4A59-A32C-C678F36AD11A} = {0AB3BF05-4346-4AA6-1389-037BE0695223}
		{492C4F46-60E3-49DF-AC5E-37C355E9B5AC} = {74AFE122-A74C-46D0-A590-98FFA7F62418}
		{88964220-CDF2-49A5-A2CC-BD0AFFA4374F} = {48C2E365-4921-4A59-A32C-C678F36AD11A}
		{384CB32D-6738-46A5-9757-4287ABDA5D27} = {74AFE122-A74C-46D0-A590-98FFA7F62418}
		{DA498487-0ED1-42E1-B0C9-CD5B4EF149E1} = {48C2E365-4921-4A59-A32C-C678F36AD11A}
		{C4B286A2-C024-069E-4222-9CFC40A8A0ED} = {984BB9B3-3FA3-BE33-9484-CAC21695A33C}
		{86F62F92-6CE4-7FE9-A2C1-E36B884F0E24} = {C4B286A2-C024-069E-4222-9CFC40A8A0ED}
		{F175486F-5813-44AC-BE73-81E5DCB7E61E} = {86F62F92-6CE4-7FE9-A2C1-E36B884F0E24}
		{9049589F-4856-4F08-ACD6-6A73D71E9C1E} = {86F62F92-6CE4-7FE9-A2C1-E36B884F0E24}
		{A02BFD84-7325-90B9-A134-767600A5606C} = {C4B286A2-C024-069E-4222-9CFC40A8A0ED}
		{E3B24A84-A0FD-4A61-B522-FC65167776A0} = {A02BFD84-7325-90B9-A134-767600A5606C}
		{4C2C1489-FEB9-B229-8BD8-F451603E0F3F} = {C4B286A2-C024-069E-4222-9CFC40A8A0ED}
		{B928C4B9-3D55-4787-AF1B-5E1475F5A276} = {4C2C1489-FEB9-B229-8BD8-F451603E0F3F}
		{8A9B1C2D-3E4F-5A6B-7C8D-9E0F1A2B3C4D} = {C4B286A2-C024-069E-4222-9CFC40A8A0ED}
		{09E0909A-FA76-4191-B6E7-A9E991B288F6} = {D6D52E99-7C64-42BA-AB8B-235BFA3764B0}
		{0DAC8297-E259-4C05-9FA2-2F64D3CB0FEA} = {D6D52E99-7C64-42BA-AB8B-235BFA3764B0}
		{07A119BA-A4ED-4CB0-8B1A-7F96F57D6187} = {D6D52E99-7C64-42BA-AB8B-235BFA3764B0}
		{DD206F60-1FAF-ED75-6FA2-9D7982884EA4} = {984BB9B3-3FA3-BE33-9484-CAC21695A33C}
		{A9777DCE-7E64-41F7-8DD4-9E1261E2CF27} = {679B8FA1-BB2E-429A-87A6-60E9BD75A342}
		{E0FF7549-298A-4F4C-A53A-855F2BA0D5C5} = {679B8FA1-BB2E-429A-87A6-60E9BD75A342}
		{4E6479C7-8FFF-4458-AE96-DEDA4B156DCC} = {5206C057-CAEB-4E76-90A1-B2EF3EF0D8F4}
		{9E1DECC7-2B36-428D-8E22-A1768F2AFCED} = {D9531CDA-C25B-4CBD-BE74-3C82F0E4FFE8}
		{679B8FA1-BB2E-429A-87A6-60E9BD75A342} = {DD206F60-1FAF-ED75-6FA2-9D7982884EA4}
		{D9531CDA-C25B-4CBD-BE74-3C82F0E4FFE8} = {DD206F60-1FAF-ED75-6FA2-9D7982884EA4}
		{5206C057-CAEB-4E76-90A1-B2EF3EF0D8F4} = {DD206F60-1FAF-ED75-6FA2-9D7982884EA4}
		{984BB9B3-3FA3-BE33-9484-CAC21695A33C} = {827E0CD3-B72D-47B6-A68D-7590B98EB39B}
		{6136BC98-1054-4633-96CC-E233FA309EE4} = {86B2618D-D81C-412F-8099-1D12221EFABF}
		{86B2618D-D81C-412F-8099-1D12221EFABF} = {DD206F60-1FAF-ED75-6FA2-9D7982884EA4}
		{D9C4BD1A-0FEF-4D01-93F6-909EEF5E5D7A} = {0AB3BF05-4346-4AA6-1389-037BE0695223}
		{D6D52E99-7C64-42BA-AB8B-235BFA3764B0} = {D9C4BD1A-0FEF-4D01-93F6-909EEF5E5D7A}
		{C3B87FBD-6667-4615-89CC-BAFAF91962B1} = {D9C4BD1A-0FEF-4D01-93F6-909EEF5E5D7A}
		{DE0CB450-283A-4C04-BD23-023C0D7E7CFA} = {827E0CD3-B72D-47B6-A68D-7590B98EB39B}
		{47931FAB-DBE1-FD8F-0AFF-2CD4B99C52C4} = {984BB9B3-3FA3-BE33-9484-CAC21695A33C}
		{CF1F8626-8F79-4101-A71D-C721EA3BDA22} = {2A3C5F91-B8D2-4A1E-9C7D-3E8F1A6B5D94}
		{8C212BFB-D6CB-4EA6-863B-303BD61B5EA1} = {2A3C5F91-B8D2-4A1E-9C7D-3E8F1A6B5D94}
		{3ABF90DD-4828-406E-9217-1CD75DA2A3FA} = {7B4E8C92-D3A1-4F2B-8E5A-2D9C3F7A6E81}
		{6515EB37-DB3A-433A-A89A-8E76F0A8D466} = {9D5F7A83-E4B2-4C3F-9A6B-4E1D5B8C7F92}
		{5413B28F-51EE-4EE7-B2CE-A9506DF2D39C} = {4C6E9B74-F5C3-4D4E-8B7A-5F2E6C9D8A73}
		{2A3C5F91-B8D2-4A1E-9C7D-3E8F1A6B5D94} = {47931FAB-DBE1-FD8F-0AFF-2CD4B99C52C4}
		{7B4E8C92-D3A1-4F2B-8E5A-2D9C3F7A6E81} = {47931FAB-DBE1-FD8F-0AFF-2CD4B99C52C4}
		{9D5F7A83-E4B2-4C3F-9A6B-4E1D5B8C7F92} = {47931FAB-DBE1-FD8F-0AFF-2CD4B99C52C4}
		{4C6E9B74-F5C3-4D4E-8B7A-5F2E6C9D8A73} = {47931FAB-DBE1-FD8F-0AFF-2CD4B99C52C4}
		{90ECB137-A85F-4BEE-994C-E4E9DE74E51A} = {8A9B1C2D-3E4F-5A6B-7C8D-9E0F1A2B3C4D}
	EndGlobalSection
EndGlobal
